// !$*UTF8*$!
{
	archiveVersion = 1;
	classes = {
	};
	objectVersion = 46;
	objects = {

/* Begin PBXBuildFile section */
		0482E25D203C1F4100DE675B /* GoogleService-Info.plist in Resources */ = {isa = PBXBuildFile; fileRef = 0482E25C203C1F4100DE675B /* GoogleService-Info.plist */; };
		04D2A279203B1E830024C247 /* AppDelegate.swift in Sources */ = {isa = PBXBuildFile; fileRef = 04D2A278203B1E830024C247 /* AppDelegate.swift */; };
		04D2A27B203B1E830024C247 /* ViewController.swift in Sources */ = {isa = PBXBuildFile; fileRef = 04D2A27A203B1E830024C247 /* ViewController.swift */; };
		04D2A27E203B1E830024C247 /* Main.storyboard in Resources */ = {isa = PBXBuildFile; fileRef = 04D2A27C203B1E830024C247 /* Main.storyboard */; };
		04D2A280203B1E830024C247 /* Assets.xcassets in Resources */ = {isa = PBXBuildFile; fileRef = 04D2A27F203B1E830024C247 /* Assets.xcassets */; };
		04D2A283203B1E830024C247 /* LaunchScreen.storyboard in Resources */ = {isa = PBXBuildFile; fileRef = 04D2A281203B1E830024C247 /* LaunchScreen.storyboard */; };
		04D2A28E203B1E830024C247 /* Deevesoft_Reistration_FormTests.swift in Sources */ = {isa = PBXBuildFile; fileRef = 04D2A28D203B1E830024C247 /* Deevesoft_Reistration_FormTests.swift */; };
		04D2A299203B1E830024C247 /* Deevesoft_Reistration_FormUITests.swift in Sources */ = {isa = PBXBuildFile; fileRef = 04D2A298203B1E830024C247 /* Deevesoft_Reistration_FormUITests.swift */; };
		420B853B5B7C427861C73258 /* Pods_Deevesoft_Reistration_FormTests.framework in Frameworks */ = {isa = PBXBuildFile; fileRef = 0DAC81B3FDC04906AC386E03 /* Pods_Deevesoft_Reistration_FormTests.framework */; };
		7F205FF1296F6A90386B7A79 /* Pods_Deevesoft_Reistration_FormUITests.framework in Frameworks */ = {isa = PBXBuildFile; fileRef = ADC6A37F2CBEB0750D00946B /* Pods_Deevesoft_Reistration_FormUITests.framework */; };
		F6AE537A7B02250740EF78BB /* Pods_Deevesoft_Reistration_Form.framework in Frameworks */ = {isa = PBXBuildFile; fileRef = 10B750D5425B5E4DDA3EE830 /* Pods_Deevesoft_Reistration_Form.framework */; };
/* End PBXBuildFile section */

/* Begin PBXContainerItemProxy section */
		04D2A28A203B1E830024C247 /* PBXContainerItemProxy */ = {
			isa = PBXContainerItemProxy;
			containerPortal = 04D2A26D203B1E830024C247 /* Project object */;
			proxyType = 1;
			remoteGlobalIDString = 04D2A274203B1E830024C247;
			remoteInfo = "Deevesoft Reistration Form";
		};
		04D2A295203B1E830024C247 /* PBXContainerItemProxy */ = {
			isa = PBXContainerItemProxy;
			containerPortal = 04D2A26D203B1E830024C247 /* Project object */;
			proxyType = 1;
			remoteGlobalIDString = 04D2A274203B1E830024C247;
			remoteInfo = "Deevesoft Reistration Form";
		};
/* End PBXContainerItemProxy section */

/* Begin PBXFileReference section */
		0482E25C203C1F4100DE675B /* GoogleService-Info.plist */ = {isa = PBXFileReference; fileEncoding = 4; lastKnownFileType = text.plist.xml; path = "GoogleService-Info.plist"; sourceTree = "<group>"; };
		04D2A275203B1E830024C247 /* Deevesoft Reistration Form.app */ = {isa = PBXFileReference; explicitFileType = wrapper.application; includeInIndex = 0; path = "Deevesoft Reistration Form.app"; sourceTree = BUILT_PRODUCTS_DIR; };
		04D2A278203B1E830024C247 /* AppDelegate.swift */ = {isa = PBXFileReference; lastKnownFileType = sourcecode.swift; path = AppDelegate.swift; sourceTree = "<group>"; };
		04D2A27A203B1E830024C247 /* ViewController.swift */ = {isa = PBXFileReference; lastKnownFileType = sourcecode.swift; path = ViewController.swift; sourceTree = "<group>"; };
		04D2A27D203B1E830024C247 /* Base */ = {isa = PBXFileReference; lastKnownFileType = file.storyboard; name = Base; path = Base.lproj/Main.storyboard; sourceTree = "<group>"; };
		04D2A27F203B1E830024C247 /* Assets.xcassets */ = {isa = PBXFileReference; lastKnownFileType = folder.assetcatalog; path = Assets.xcassets; sourceTree = "<group>"; };
		04D2A282203B1E830024C247 /* Base */ = {isa = PBXFileReference; lastKnownFileType = file.storyboard; name = Base; path = Base.lproj/LaunchScreen.storyboard; sourceTree = "<group>"; };
		04D2A284203B1E830024C247 /* Info.plist */ = {isa = PBXFileReference; lastKnownFileType = text.plist.xml; path = Info.plist; sourceTree = "<group>"; };
		04D2A289203B1E830024C247 /* Deevesoft Reistration FormTests.xctest */ = {isa = PBXFileReference; explicitFileType = wrapper.cfbundle; includeInIndex = 0; path = "Deevesoft Reistration FormTests.xctest"; sourceTree = BUILT_PRODUCTS_DIR; };
		04D2A28D203B1E830024C247 /* Deevesoft_Reistration_FormTests.swift */ = {isa = PBXFileReference; lastKnownFileType = sourcecode.swift; path = Deevesoft_Reistration_FormTests.swift; sourceTree = "<group>"; };
		04D2A28F203B1E830024C247 /* Info.plist */ = {isa = PBXFileReference; lastKnownFileType = text.plist.xml; path = Info.plist; sourceTree = "<group>"; };
		04D2A294203B1E830024C247 /* Deevesoft Reistration FormUITests.xctest */ = {isa = PBXFileReference; explicitFileType = wrapper.cfbundle; includeInIndex = 0; path = "Deevesoft Reistration FormUITests.xctest"; sourceTree = BUILT_PRODUCTS_DIR; };
		04D2A298203B1E830024C247 /* Deevesoft_Reistration_FormUITests.swift */ = {isa = PBXFileReference; lastKnownFileType = sourcecode.swift; path = Deevesoft_Reistration_FormUITests.swift; sourceTree = "<group>"; };
		04D2A29A203B1E830024C247 /* Info.plist */ = {isa = PBXFileReference; lastKnownFileType = text.plist.xml; path = Info.plist; sourceTree = "<group>"; };
		0C9F3656339C27520BE37147 /* Pods-Deevesoft Reistration FormUITests.release.xcconfig */ = {isa = PBXFileReference; includeInIndex = 1; lastKnownFileType = text.xcconfig; name = "Pods-Deevesoft Reistration FormUITests.release.xcconfig"; path = "Pods/Target Support Files/Pods-Deevesoft Reistration FormUITests/Pods-Deevesoft Reistration FormUITests.release.xcconfig"; sourceTree = "<group>"; };
		0DAC81B3FDC04906AC386E03 /* Pods_Deevesoft_Reistration_FormTests.framework */ = {isa = PBXFileReference; explicitFileType = wrapper.framework; includeInIndex = 0; path = Pods_Deevesoft_Reistration_FormTests.framework; sourceTree = BUILT_PRODUCTS_DIR; };
		0F2854EFF10FC6FA0D5AADF9 /* Pods-Deevesoft Reistration FormTests.debug.xcconfig */ = {isa = PBXFileReference; includeInIndex = 1; lastKnownFileType = text.xcconfig; name = "Pods-Deevesoft Reistration FormTests.debug.xcconfig"; path = "Pods/Target Support Files/Pods-Deevesoft Reistration FormTests/Pods-Deevesoft Reistration FormTests.debug.xcconfig"; sourceTree = "<group>"; };
		10B750D5425B5E4DDA3EE830 /* Pods_Deevesoft_Reistration_Form.framework */ = {isa = PBXFileReference; explicitFileType = wrapper.framework; includeInIndex = 0; path = Pods_Deevesoft_Reistration_Form.framework; sourceTree = BUILT_PRODUCTS_DIR; };
		19ECE79FFEF4E287782442BF /* Pods-Deevesoft Reistration Form.debug.xcconfig */ = {isa = PBXFileReference; includeInIndex = 1; lastKnownFileType = text.xcconfig; name = "Pods-Deevesoft Reistration Form.debug.xcconfig"; path = "Pods/Target Support Files/Pods-Deevesoft Reistration Form/Pods-Deevesoft Reistration Form.debug.xcconfig"; sourceTree = "<group>"; };
		1B17651913322E551F33B2B1 /* Pods-Deevesoft Reistration FormUITests.debug.xcconfig */ = {isa = PBXFileReference; includeInIndex = 1; lastKnownFileType = text.xcconfig; name = "Pods-Deevesoft Reistration FormUITests.debug.xcconfig"; path = "Pods/Target Support Files/Pods-Deevesoft Reistration FormUITests/Pods-Deevesoft Reistration FormUITests.debug.xcconfig"; sourceTree = "<group>"; };
		ADC6A37F2CBEB0750D00946B /* Pods_Deevesoft_Reistration_FormUITests.framework */ = {isa = PBXFileReference; explicitFileType = wrapper.framework; includeInIndex = 0; path = Pods_Deevesoft_Reistration_FormUITests.framework; sourceTree = BUILT_PRODUCTS_DIR; };
		B6B6B2EAEAF4246593AAA687 /* Pods-Deevesoft Reistration Form.release.xcconfig */ = {isa = PBXFileReference; includeInIndex = 1; lastKnownFileType = text.xcconfig; name = "Pods-Deevesoft Reistration Form.release.xcconfig"; path = "Pods/Target Support Files/Pods-Deevesoft Reistration Form/Pods-Deevesoft Reistration Form.release.xcconfig"; sourceTree = "<group>"; };
		C5D1D7E3469511B049B4BDFB /* Pods-Deevesoft Reistration FormTests.release.xcconfig */ = {isa = PBXFileReference; includeInIndex = 1; lastKnownFileType = text.xcconfig; name = "Pods-Deevesoft Reistration FormTests.release.xcconfig"; path = "Pods/Target Support Files/Pods-Deevesoft Reistration FormTests/Pods-Deevesoft Reistration FormTests.release.xcconfig"; sourceTree = "<group>"; };
/* End PBXFileReference section */

/* Begin PBXFrameworksBuildPhase section */
		04D2A272203B1E830024C247 /* Frameworks */ = {
			isa = PBXFrameworksBuildPhase;
			buildActionMask = 2147483647;
			files = (
				F6AE537A7B02250740EF78BB /* Pods_Deevesoft_Reistration_Form.framework in Frameworks */,
			);
			runOnlyForDeploymentPostprocessing = 0;
		};
		04D2A286203B1E830024C247 /* Frameworks */ = {
			isa = PBXFrameworksBuildPhase;
			buildActionMask = 2147483647;
			files = (
				420B853B5B7C427861C73258 /* Pods_Deevesoft_Reistration_FormTests.framework in Frameworks */,
			);
			runOnlyForDeploymentPostprocessing = 0;
		};
		04D2A291203B1E830024C247 /* Frameworks */ = {
			isa = PBXFrameworksBuildPhase;
			buildActionMask = 2147483647;
			files = (
				7F205FF1296F6A90386B7A79 /* Pods_Deevesoft_Reistration_FormUITests.framework in Frameworks */,
			);
			runOnlyForDeploymentPostprocessing = 0;
		};
/* End PBXFrameworksBuildPhase section */

/* Begin PBXGroup section */
		04D2A26C203B1E830024C247 = {
			isa = PBXGroup;
			children = (
				04D2A277203B1E830024C247 /* Deevesoft Reistration Form */,
				04D2A28C203B1E830024C247 /* Deevesoft Reistration FormTests */,
				04D2A297203B1E830024C247 /* Deevesoft Reistration FormUITests */,
				04D2A276203B1E830024C247 /* Products */,
				45ECC5F24D291E7246E03B94 /* Pods */,
				4AD419EEA2EE70435720D4A4 /* Frameworks */,
			);
			sourceTree = "<group>";
		};
		04D2A276203B1E830024C247 /* Products */ = {
			isa = PBXGroup;
			children = (
				04D2A275203B1E830024C247 /* Deevesoft Reistration Form.app */,
				04D2A289203B1E830024C247 /* Deevesoft Reistration FormTests.xctest */,
				04D2A294203B1E830024C247 /* Deevesoft Reistration FormUITests.xctest */,
			);
			name = Products;
			sourceTree = "<group>";
		};
		04D2A277203B1E830024C247 /* Deevesoft Reistration Form */ = {
			isa = PBXGroup;
			children = (
				04D2A278203B1E830024C247 /* AppDelegate.swift */,
				04D2A27A203B1E830024C247 /* ViewController.swift */,
				0482E25C203C1F4100DE675B /* GoogleService-Info.plist */,
				04D2A27C203B1E830024C247 /* Main.storyboard */,
				04D2A27F203B1E830024C247 /* Assets.xcassets */,
				04D2A281203B1E830024C247 /* LaunchScreen.storyboard */,
				04D2A284203B1E830024C247 /* Info.plist */,
			);
			path = "Deevesoft Reistration Form";
			sourceTree = "<group>";
		};
		04D2A28C203B1E830024C247 /* Deevesoft Reistration FormTests */ = {
			isa = PBXGroup;
			children = (
				04D2A28D203B1E830024C247 /* Deevesoft_Reistration_FormTests.swift */,
				04D2A28F203B1E830024C247 /* Info.plist */,
			);
			path = "Deevesoft Reistration FormTests";
			sourceTree = "<group>";
		};
		04D2A297203B1E830024C247 /* Deevesoft Reistration FormUITests */ = {
			isa = PBXGroup;
			children = (
				04D2A298203B1E830024C247 /* Deevesoft_Reistration_FormUITests.swift */,
				04D2A29A203B1E830024C247 /* Info.plist */,
			);
			path = "Deevesoft Reistration FormUITests";
			sourceTree = "<group>";
		};
		45ECC5F24D291E7246E03B94 /* Pods */ = {
			isa = PBXGroup;
			children = (
				19ECE79FFEF4E287782442BF /* Pods-Deevesoft Reistration Form.debug.xcconfig */,
				B6B6B2EAEAF4246593AAA687 /* Pods-Deevesoft Reistration Form.release.xcconfig */,
				0F2854EFF10FC6FA0D5AADF9 /* Pods-Deevesoft Reistration FormTests.debug.xcconfig */,
				C5D1D7E3469511B049B4BDFB /* Pods-Deevesoft Reistration FormTests.release.xcconfig */,
				1B17651913322E551F33B2B1 /* Pods-Deevesoft Reistration FormUITests.debug.xcconfig */,
				0C9F3656339C27520BE37147 /* Pods-Deevesoft Reistration FormUITests.release.xcconfig */,
			);
			name = Pods;
			sourceTree = "<group>";
		};
		4AD419EEA2EE70435720D4A4 /* Frameworks */ = {
			isa = PBXGroup;
			children = (
				10B750D5425B5E4DDA3EE830 /* Pods_Deevesoft_Reistration_Form.framework */,
				0DAC81B3FDC04906AC386E03 /* Pods_Deevesoft_Reistration_FormTests.framework */,
				ADC6A37F2CBEB0750D00946B /* Pods_Deevesoft_Reistration_FormUITests.framework */,
			);
			name = Frameworks;
			sourceTree = "<group>";
		};
/* End PBXGroup section */

/* Begin PBXNativeTarget section */
		04D2A274203B1E830024C247 /* Deevesoft Reistration Form */ = {
			isa = PBXNativeTarget;
			buildConfigurationList = 04D2A29D203B1E830024C247 /* Build configuration list for PBXNativeTarget "Deevesoft Reistration Form" */;
			buildPhases = (
				2FA589FEF90318AB74A7FEB7 /* [CP] Check Pods Manifest.lock */,
				04D2A271203B1E830024C247 /* Sources */,
				04D2A272203B1E830024C247 /* Frameworks */,
				04D2A273203B1E830024C247 /* Resources */,
				C1069FDB0A216E2471DB992E /* [CP] Embed Pods Frameworks */,
				B0932077DF00D41EEDBF1099 /* [CP] Copy Pods Resources */,
			);
			buildRules = (
			);
			dependencies = (
			);
			name = "Deevesoft Reistration Form";
			productName = "Deevesoft Reistration Form";
			productReference = 04D2A275203B1E830024C247 /* Deevesoft Reistration Form.app */;
			productType = "com.apple.product-type.application";
		};
		04D2A288203B1E830024C247 /* Deevesoft Reistration FormTests */ = {
			isa = PBXNativeTarget;
			buildConfigurationList = 04D2A2A0203B1E830024C247 /* Build configuration list for PBXNativeTarget "Deevesoft Reistration FormTests" */;
			buildPhases = (
				FA46F08EF3AEE4B036BA4E63 /* [CP] Check Pods Manifest.lock */,
				04D2A285203B1E830024C247 /* Sources */,
				04D2A286203B1E830024C247 /* Frameworks */,
				04D2A287203B1E830024C247 /* Resources */,
				1297BA5FC140244BA38D62AC /* [CP] Embed Pods Frameworks */,
				B4F5047EA5C6D1CA0B3DD949 /* [CP] Copy Pods Resources */,
			);
			buildRules = (
			);
			dependencies = (
				04D2A28B203B1E830024C247 /* PBXTargetDependency */,
			);
			name = "Deevesoft Reistration FormTests";
			productName = "Deevesoft Reistration FormTests";
			productReference = 04D2A289203B1E830024C247 /* Deevesoft Reistration FormTests.xctest */;
			productType = "com.apple.product-type.bundle.unit-test";
		};
		04D2A293203B1E830024C247 /* Deevesoft Reistration FormUITests */ = {
			isa = PBXNativeTarget;
			buildConfigurationList = 04D2A2A3203B1E830024C247 /* Build configuration list for PBXNativeTarget "Deevesoft Reistration FormUITests" */;
			buildPhases = (
				82515537BC9C5C5AF244A3EC /* [CP] Check Pods Manifest.lock */,
				04D2A290203B1E830024C247 /* Sources */,
				04D2A291203B1E830024C247 /* Frameworks */,
				04D2A292203B1E830024C247 /* Resources */,
				5D7C81DE1553008ECC3A8544 /* [CP] Embed Pods Frameworks */,
				39A924DE4543774874858E3E /* [CP] Copy Pods Resources */,
			);
			buildRules = (
			);
			dependencies = (
				04D2A296203B1E830024C247 /* PBXTargetDependency */,
			);
			name = "Deevesoft Reistration FormUITests";
			productName = "Deevesoft Reistration FormUITests";
			productReference = 04D2A294203B1E830024C247 /* Deevesoft Reistration FormUITests.xctest */;
			productType = "com.apple.product-type.bundle.ui-testing";
		};
/* End PBXNativeTarget section */

/* Begin PBXProject section */
		04D2A26D203B1E830024C247 /* Project object */ = {
			isa = PBXProject;
			attributes = {
				LastSwiftUpdateCheck = 0830;
				LastUpgradeCheck = 0830;
				ORGANIZATIONNAME = Mac;
				TargetAttributes = {
					04D2A274203B1E830024C247 = {
						CreatedOnToolsVersion = 8.3.3;
						DevelopmentTeam = 9QEYTM9DYM;
						ProvisioningStyle = Automatic;
					};
					04D2A288203B1E830024C247 = {
						CreatedOnToolsVersion = 8.3.3;
						DevelopmentTeam = 9QEYTM9DYM;
						ProvisioningStyle = Automatic;
						TestTargetID = 04D2A274203B1E830024C247;
					};
					04D2A293203B1E830024C247 = {
						CreatedOnToolsVersion = 8.3.3;
						DevelopmentTeam = 9QEYTM9DYM;
						ProvisioningStyle = Automatic;
						TestTargetID = 04D2A274203B1E830024C247;
					};
				};
			};
			buildConfigurationList = 04D2A270203B1E830024C247 /* Build configuration list for PBXProject "Deevesoft Reistration Form" */;
			compatibilityVersion = "Xcode 3.2";
			developmentRegion = English;
			hasScannedForEncodings = 0;
			knownRegions = (
				en,
				Base,
			);
			mainGroup = 04D2A26C203B1E830024C247;
			productRefGroup = 04D2A276203B1E830024C247 /* Products */;
			projectDirPath = "";
			projectRoot = "";
			targets = (
				04D2A274203B1E830024C247 /* Deevesoft Reistration Form */,
				04D2A288203B1E830024C247 /* Deevesoft Reistration FormTests */,
				04D2A293203B1E830024C247 /* Deevesoft Reistration FormUITests */,
			);
		};
/* End PBXProject section */

/* Begin PBXResourcesBuildPhase section */
		04D2A273203B1E830024C247 /* Resources */ = {
			isa = PBXResourcesBuildPhase;
			buildActionMask = 2147483647;
			files = (
				04D2A283203B1E830024C247 /* LaunchScreen.storyboard in Resources */,
				0482E25D203C1F4100DE675B /* GoogleService-Info.plist in Resources */,
				04D2A280203B1E830024C247 /* Assets.xcassets in Resources */,
				04D2A27E203B1E830024C247 /* Main.storyboard in Resources */,
			);
			runOnlyForDeploymentPostprocessing = 0;
		};
		04D2A287203B1E830024C247 /* Resources */ = {
			isa = PBXResourcesBuildPhase;
			buildActionMask = 2147483647;
			files = (
			);
			runOnlyForDeploymentPostprocessing = 0;
		};
		04D2A292203B1E830024C247 /* Resources */ = {
			isa = PBXResourcesBuildPhase;
			buildActionMask = 2147483647;
			files = (
			);
			runOnlyForDeploymentPostprocessing = 0;
		};
/* End PBXResourcesBuildPhase section */

/* Begin PBXShellScriptBuildPhase section */
		1297BA5FC140244BA38D62AC /* [CP] Embed Pods Frameworks */ = {
			isa = PBXShellScriptBuildPhase;
			buildActionMask = 2147483647;
			files = (
			);
			inputPaths = (
			);
			name = "[CP] Embed Pods Frameworks";
			outputPaths = (
			);
			runOnlyForDeploymentPostprocessing = 0;
			shellPath = /bin/sh;
			shellScript = "\"${SRCROOT}/Pods/Target Support Files/Pods-Deevesoft Reistration FormTests/Pods-Deevesoft Reistration FormTests-frameworks.sh\"\n";
			showEnvVarsInLog = 0;
		};
		2FA589FEF90318AB74A7FEB7 /* [CP] Check Pods Manifest.lock */ = {
			isa = PBXShellScriptBuildPhase;
			buildActionMask = 2147483647;
			files = (
			);
			inputPaths = (
				"${PODS_PODFILE_DIR_PATH}/Podfile.lock",
				"${PODS_ROOT}/Manifest.lock",
			);
			name = "[CP] Check Pods Manifest.lock";
			outputPaths = (
				"$(DERIVED_FILE_DIR)/Pods-Deevesoft Reistration Form-checkManifestLockResult.txt",
			);
			runOnlyForDeploymentPostprocessing = 0;
			shellPath = /bin/sh;
			shellScript = "diff \"${PODS_PODFILE_DIR_PATH}/Podfile.lock\" \"${PODS_ROOT}/Manifest.lock\" > /dev/null\nif [ $? != 0 ] ; then\n    # print error to STDERR\n    echo \"error: The sandbox is not in sync with the Podfile.lock. Run 'pod install' or update your CocoaPods installation.\" >&2\n    exit 1\nfi\n# This output is used by Xcode 'outputs' to avoid re-running this script phase.\necho \"SUCCESS\" > \"${SCRIPT_OUTPUT_FILE_0}\"\n";
			showEnvVarsInLog = 0;
		};
		39A924DE4543774874858E3E /* [CP] Copy Pods Resources */ = {
			isa = PBXShellScriptBuildPhase;
			buildActionMask = 2147483647;
			files = (
			);
			inputPaths = (
			);
			name = "[CP] Copy Pods Resources";
			outputPaths = (
			);
			runOnlyForDeploymentPostprocessing = 0;
			shellPath = /bin/sh;
			shellScript = "\"${SRCROOT}/Pods/Target Support Files/Pods-Deevesoft Reistration FormUITests/Pods-Deevesoft Reistration FormUITests-resources.sh\"\n";
			showEnvVarsInLog = 0;
		};
		5D7C81DE1553008ECC3A8544 /* [CP] Embed Pods Frameworks */ = {
			isa = PBXShellScriptBuildPhase;
			buildActionMask = 2147483647;
			files = (
			);
			inputPaths = (
			);
			name = "[CP] Embed Pods Frameworks";
			outputPaths = (
			);
			runOnlyForDeploymentPostprocessing = 0;
			shellPath = /bin/sh;
			shellScript = "\"${SRCROOT}/Pods/Target Support Files/Pods-Deevesoft Reistration FormUITests/Pods-Deevesoft Reistration FormUITests-frameworks.sh\"\n";
			showEnvVarsInLog = 0;
		};
		82515537BC9C5C5AF244A3EC /* [CP] Check Pods Manifest.lock */ = {
			isa = PBXShellScriptBuildPhase;
			buildActionMask = 2147483647;
			files = (
			);
			inputPaths = (
				"${PODS_PODFILE_DIR_PATH}/Podfile.lock",
				"${PODS_ROOT}/Manifest.lock",
			);
			name = "[CP] Check Pods Manifest.lock";
			outputPaths = (
				"$(DERIVED_FILE_DIR)/Pods-Deevesoft Reistration FormUITests-checkManifestLockResult.txt",
			);
			runOnlyForDeploymentPostprocessing = 0;
			shellPath = /bin/sh;
			shellScript = "diff \"${PODS_PODFILE_DIR_PATH}/Podfile.lock\" \"${PODS_ROOT}/Manifest.lock\" > /dev/null\nif [ $? != 0 ] ; then\n    # print error to STDERR\n    echo \"error: The sandbox is not in sync with the Podfile.lock. Run 'pod install' or update your CocoaPods installation.\" >&2\n    exit 1\nfi\n# This output is used by Xcode 'outputs' to avoid re-running this script phase.\necho \"SUCCESS\" > \"${SCRIPT_OUTPUT_FILE_0}\"\n";
			showEnvVarsInLog = 0;
		};
		B0932077DF00D41EEDBF1099 /* [CP] Copy Pods Resources */ = {
			isa = PBXShellScriptBuildPhase;
			buildActionMask = 2147483647;
			files = (
			);
			inputPaths = (
			);
			name = "[CP] Copy Pods Resources";
			outputPaths = (
			);
			runOnlyForDeploymentPostprocessing = 0;
			shellPath = /bin/sh;
			shellScript = "\"${SRCROOT}/Pods/Target Support Files/Pods-Deevesoft Reistration Form/Pods-Deevesoft Reistration Form-resources.sh\"\n";
			showEnvVarsInLog = 0;
		};
		B4F5047EA5C6D1CA0B3DD949 /* [CP] Copy Pods Resources */ = {
			isa = PBXShellScriptBuildPhase;
			buildActionMask = 2147483647;
			files = (
			);
			inputPaths = (
			);
			name = "[CP] Copy Pods Resources";
			outputPaths = (
			);
			runOnlyForDeploymentPostprocessing = 0;
			shellPath = /bin/sh;
			shellScript = "\"${SRCROOT}/Pods/Target Support Files/Pods-Deevesoft Reistration FormTests/Pods-Deevesoft Reistration FormTests-resources.sh\"\n";
			showEnvVarsInLog = 0;
		};
		C1069FDB0A216E2471DB992E /* [CP] Embed Pods Frameworks */ = {
			isa = PBXShellScriptBuildPhase;
			buildActionMask = 2147483647;
			files = (
			);
			inputPaths = (
				"${SRCROOT}/Pods/Target Support Files/Pods-Deevesoft Reistration Form/Pods-Deevesoft Reistration Form-frameworks.sh",
				"${BUILT_PRODUCTS_DIR}/GoogleToolboxForMac/GoogleToolboxForMac.framework",
				"${BUILT_PRODUCTS_DIR}/leveldb-library/leveldb.framework",
				"${BUILT_PRODUCTS_DIR}/nanopb/nanopb.framework",
			);
			name = "[CP] Embed Pods Frameworks";
			outputPaths = (
				"${TARGET_BUILD_DIR}/${FRAMEWORKS_FOLDER_PATH}/GoogleToolboxForMac.framework",
				"${TARGET_BUILD_DIR}/${FRAMEWORKS_FOLDER_PATH}/leveldb.framework",
				"${TARGET_BUILD_DIR}/${FRAMEWORKS_FOLDER_PATH}/nanopb.framework",
			);
			runOnlyForDeploymentPostprocessing = 0;
			shellPath = /bin/sh;
			shellScript = "\"${SRCROOT}/Pods/Target Support Files/Pods-Deevesoft Reistration Form/Pods-Deevesoft Reistration Form-frameworks.sh\"\n";
			showEnvVarsInLog = 0;
		};
		FA46F08EF3AEE4B036BA4E63 /* [CP] Check Pods Manifest.lock */ = {
			isa = PBXShellScriptBuildPhase;
			buildActionMask = 2147483647;
			files = (
			);
			inputPaths = (
				"${PODS_PODFILE_DIR_PATH}/Podfile.lock",
				"${PODS_ROOT}/Manifest.lock",
			);
			name = "[CP] Check Pods Manifest.lock";
			outputPaths = (
				"$(DERIVED_FILE_DIR)/Pods-Deevesoft Reistration FormTests-checkManifestLockResult.txt",
			);
			runOnlyForDeploymentPostprocessing = 0;
			shellPath = /bin/sh;
			shellScript = "diff \"${PODS_PODFILE_DIR_PATH}/Podfile.lock\" \"${PODS_ROOT}/Manifest.lock\" > /dev/null\nif [ $? != 0 ] ; then\n    # print error to STDERR\n    echo \"error: The sandbox is not in sync with the Podfile.lock. Run 'pod install' or update your CocoaPods installation.\" >&2\n    exit 1\nfi\n# This output is used by Xcode 'outputs' to avoid re-running this script phase.\necho \"SUCCESS\" > \"${SCRIPT_OUTPUT_FILE_0}\"\n";
			showEnvVarsInLog = 0;
		};
/* End PBXShellScriptBuildPhase section */

/* Begin PBXSourcesBuildPhase section */
		04D2A271203B1E830024C247 /* Sources */ = {
			isa = PBXSourcesBuildPhase;
			buildActionMask = 2147483647;
			files = (
				04D2A27B203B1E830024C247 /* ViewController.swift in Sources */,
				04D2A279203B1E830024C247 /* AppDelegate.swift in Sources */,
			);
			runOnlyForDeploymentPostprocessing = 0;
		};
		04D2A285203B1E830024C247 /* Sources */ = {
			isa = PBXSourcesBuildPhase;
			buildActionMask = 2147483647;
			files = (
				04D2A28E203B1E830024C247 /* Deevesoft_Reistration_FormTests.swift in Sources */,
			);
			runOnlyForDeploymentPostprocessing = 0;
		};
		04D2A290203B1E830024C247 /* Sources */ = {
			isa = PBXSourcesBuildPhase;
			buildActionMask = 2147483647;
			files = (
				04D2A299203B1E830024C247 /* Deevesoft_Reistration_FormUITests.swift in Sources */,
			);
			runOnlyForDeploymentPostprocessing = 0;
		};
/* End PBXSourcesBuildPhase section */

/* Begin PBXTargetDependency section */
		04D2A28B203B1E830024C247 /* PBXTargetDependency */ = {
			isa = PBXTargetDependency;
			target = 04D2A274203B1E830024C247 /* Deevesoft Reistration Form */;
			targetProxy = 04D2A28A203B1E830024C247 /* PBXContainerItemProxy */;
		};
		04D2A296203B1E830024C247 /* PBXTargetDependency */ = {
			isa = PBXTargetDependency;
			target = 04D2A274203B1E830024C247 /* Deevesoft Reistration Form */;
			targetProxy = 04D2A295203B1E830024C247 /* PBXContainerItemProxy */;
		};
/* End PBXTargetDependency section */

/* Begin PBXVariantGroup section */
		04D2A27C203B1E830024C247 /* Main.storyboard */ = {
			isa = PBXVariantGroup;
			children = (
				04D2A27D203B1E830024C247 /* Base */,
			);
			name = Main.storyboard;
			sourceTree = "<group>";
		};
		04D2A281203B1E830024C247 /* LaunchScreen.storyboard */ = {
			isa = PBXVariantGroup;
			children = (
				04D2A282203B1E830024C247 /* Base */,
			);
			name = LaunchScreen.storyboard;
			sourceTree = "<group>";
		};
/* End PBXVariantGroup section */

/* Begin XCBuildConfiguration section */
		04D2A29B203B1E830024C247 /* Debug */ = {
			isa = XCBuildConfiguration;
			buildSettings = {
				ALWAYS_SEARCH_USER_PATHS = NO;
				CLANG_ANALYZER_NONNULL = YES;
				CLANG_ANALYZER_NUMBER_OBJECT_CONVERSION = YES_AGGRESSIVE;
				CLANG_CXX_LANGUAGE_STANDARD = "gnu++0x";
				CLANG_CXX_LIBRARY = "libc++";
				CLANG_ENABLE_MODULES = YES;
				CLANG_ENABLE_OBJC_ARC = YES;
				CLANG_WARN_BOOL_CONVERSION = YES;
				CLANG_WARN_CONSTANT_CONVERSION = YES;
				CLANG_WARN_DIRECT_OBJC_ISA_USAGE = YES_ERROR;
				CLANG_WARN_DOCUMENTATION_COMMENTS = YES;
				CLANG_WARN_EMPTY_BODY = YES;
				CLANG_WARN_ENUM_CONVERSION = YES;
				CLANG_WARN_INFINITE_RECURSION = YES;
				CLANG_WARN_INT_CONVERSION = YES;
				CLANG_WARN_OBJC_ROOT_CLASS = YES_ERROR;
				CLANG_WARN_SUSPICIOUS_MOVE = YES;
				CLANG_WARN_UNREACHABLE_CODE = YES;
				CLANG_WARN__DUPLICATE_METHOD_MATCH = YES;
				"CODE_SIGN_IDENTITY[sdk=iphoneos*]" = "iPhone Developer";
				COPY_PHASE_STRIP = NO;
				DEBUG_INFORMATION_FORMAT = dwarf;
				ENABLE_STRICT_OBJC_MSGSEND = YES;
				ENABLE_TESTABILITY = YES;
				GCC_C_LANGUAGE_STANDARD = gnu99;
				GCC_DYNAMIC_NO_PIC = NO;
				GCC_NO_COMMON_BLOCKS = YES;
				GCC_OPTIMIZATION_LEVEL = 0;
				GCC_PREPROCESSOR_DEFINITIONS = (
					"DEBUG=1",
					"$(inherited)",
				);
				GCC_WARN_64_TO_32_BIT_CONVERSION = YES;
				GCC_WARN_ABOUT_RETURN_TYPE = YES_ERROR;
				GCC_WARN_UNDECLARED_SELECTOR = YES;
				GCC_WARN_UNINITIALIZED_AUTOS = YES_AGGRESSIVE;
				GCC_WARN_UNUSED_FUNCTION = YES;
				GCC_WARN_UNUSED_VARIABLE = YES;
				IPHONEOS_DEPLOYMENT_TARGET = 10.3;
				MTL_ENABLE_DEBUG_INFO = YES;
				ONLY_ACTIVE_ARCH = YES;
				SDKROOT = iphoneos;
				SWIFT_ACTIVE_COMPILATION_CONDITIONS = DEBUG;
				SWIFT_OPTIMIZATION_LEVEL = "-Onone";
			};
			name = Debug;
		};
		04D2A29C203B1E830024C247 /* Release */ = {
			isa = XCBuildConfiguration;
			buildSettings = {
				ALWAYS_SEARCH_USER_PATHS = NO;
				CLANG_ANALYZER_NONNULL = YES;
				CLANG_ANALYZER_NUMBER_OBJECT_CONVERSION = YES_AGGRESSIVE;
				CLANG_CXX_LANGUAGE_STANDARD = "gnu++0x";
				CLANG_CXX_LIBRARY = "libc++";
				CLANG_ENABLE_MODULES = YES;
				CLANG_ENABLE_OBJC_ARC = YES;
				CLANG_WARN_BOOL_CONVERSION = YES;
				CLANG_WARN_CONSTANT_CONVERSION = YES;
				CLANG_WARN_DIRECT_OBJC_ISA_USAGE = YES_ERROR;
				CLANG_WARN_DOCUMENTATION_COMMENTS = YES;
				CLANG_WARN_EMPTY_BODY = YES;
				CLANG_WARN_ENUM_CONVERSION = YES;
				CLANG_WARN_INFINITE_RECURSION = YES;
				CLANG_WARN_INT_CONVERSION = YES;
				CLANG_WARN_OBJC_ROOT_CLASS = YES_ERROR;
				CLANG_WARN_SUSPICIOUS_MOVE = YES;
				CLANG_WARN_UNREACHABLE_CODE = YES;
				CLANG_WARN__DUPLICATE_METHOD_MATCH = YES;
				"CODE_SIGN_IDENTITY[sdk=iphoneos*]" = "iPhone Developer";
				COPY_PHASE_STRIP = NO;
				DEBUG_INFORMATION_FORMAT = "dwarf-with-dsym";
				ENABLE_NS_ASSERTIONS = NO;
				ENABLE_STRICT_OBJC_MSGSEND = YES;
				GCC_C_LANGUAGE_STANDARD = gnu99;
				GCC_NO_COMMON_BLOCKS = YES;
				GCC_WARN_64_TO_32_BIT_CONVERSION = YES;
				GCC_WARN_ABOUT_RETURN_TYPE = YES_ERROR;
				GCC_WARN_UNDECLARED_SELECTOR = YES;
				GCC_WARN_UNINITIALIZED_AUTOS = YES_AGGRESSIVE;
				GCC_WARN_UNUSED_FUNCTION = YES;
				GCC_WARN_UNUSED_VARIABLE = YES;
				IPHONEOS_DEPLOYMENT_TARGET = 10.3;
				MTL_ENABLE_DEBUG_INFO = NO;
				SDKROOT = iphoneos;
				SWIFT_OPTIMIZATION_LEVEL = "-Owholemodule";
				VALIDATE_PRODUCT = YES;
			};
			name = Release;
		};
		04D2A29E203B1E830024C247 /* Debug */ = {
			isa = XCBuildConfiguration;
			baseConfigurationReference = 19ECE79FFEF4E287782442BF /* Pods-Deevesoft Reistration Form.debug.xcconfig */;
			buildSettings = {
				ASSETCATALOG_COMPILER_APPICON_NAME = AppIcon;
				DEVELOPMENT_TEAM = 9QEYTM9DYM;
				INFOPLIST_FILE = "Deevesoft Reistration Form/Info.plist";
				LD_RUNPATH_SEARCH_PATHS = "$(inherited) @executable_path/Frameworks";
				PRODUCT_BUNDLE_IDENTIFIER = "ohm.Deevesoft-Reistration-Form";
				PRODUCT_NAME = "$(TARGET_NAME)";
				SWIFT_VERSION = 3.0;
			};
			name = Debug;
		};
		04D2A29F203B1E830024C247 /* Release */ = {
			isa = XCBuildConfiguration;
			baseConfigurationReference = B6B6B2EAEAF4246593AAA687 /* Pods-Deevesoft Reistration Form.release.xcconfig */;
			buildSettings = {
				ASSETCATALOG_COMPILER_APPICON_NAME = AppIcon;
				DEVELOPMENT_TEAM = 9QEYTM9DYM;
				INFOPLIST_FILE = "Deevesoft Reistration Form/Info.plist";
				LD_RUNPATH_SEARCH_PATHS = "$(inherited) @executable_path/Frameworks";
				PRODUCT_BUNDLE_IDENTIFIER = "ohm.Deevesoft-Reistration-Form";
				PRODUCT_NAME = "$(TARGET_NAME)";
				SWIFT_VERSION = 3.0;
			};
			name = Release;
		};
		04D2A2A1203B1E830024C247 /* Debug */ = {
			isa = XCBuildConfiguration;
			baseConfigurationReference = 0F2854EFF10FC6FA0D5AADF9 /* Pods-Deevesoft Reistration FormTests.debug.xcconfig */;
			buildSettings = {
				ALWAYS_EMBED_SWIFT_STANDARD_LIBRARIES = YES;
				BUNDLE_LOADER = "$(TEST_HOST)";
				DEVELOPMENT_TEAM = 9QEYTM9DYM;
				INFOPLIST_FILE = "Deevesoft Reistration FormTests/Info.plist";
				LD_RUNPATH_SEARCH_PATHS = "$(inherited) @executable_path/Frameworks @loader_path/Frameworks";
				PRODUCT_BUNDLE_IDENTIFIER = "ohm.Deevesoft-Reistration-FormTests";
				PRODUCT_NAME = "$(TARGET_NAME)";
				SWIFT_VERSION = 3.0;
				TEST_HOST = "$(BUILT_PRODUCTS_DIR)/Deevesoft Reistration Form.app/Deevesoft Reistration Form";
			};
			name = Debug;
		};
		04D2A2A2203B1E830024C247 /* Release */ = {
			isa = XCBuildConfiguration;
			baseConfigurationReference = C5D1D7E3469511B049B4BDFB /* Pods-Deevesoft Reistration FormTests.release.xcconfig */;
			buildSettings = {
				ALWAYS_EMBED_SWIFT_STANDARD_LIBRARIES = YES;
				BUNDLE_LOADER = "$(TEST_HOST)";
				DEVELOPMENT_TEAM = 9QEYTM9DYM;
				INFOPLIST_FILE = "Deevesoft Reistration FormTests/Info.plist";
				LD_RUNPATH_SEARCH_PATHS = "$(inherited) @executable_path/Frameworks @loader_path/Frameworks";
				PRODUCT_BUNDLE_IDENTIFIER = "ohm.Deevesoft-Reistration-FormTests";
				PRODUCT_NAME = "$(TARGET_NAME)";
				SWIFT_VERSION = 3.0;
				TEST_HOST = "$(BUILT_PRODUCTS_DIR)/Deevesoft Reistration Form.app/Deevesoft Reistration Form";
			};
			name = Release;
		};
		04D2A2A4203B1E830024C247 /* Debug */ = {
			isa = XCBuildConfiguration;
			baseConfigurationReference = 1B17651913322E551F33B2B1 /* Pods-Deevesoft Reistration FormUITests.debug.xcconfig */;
			buildSettings = {
				ALWAYS_EMBED_SWIFT_STANDARD_LIBRARIES = YES;
				DEVELOPMENT_TEAM = 9QEYTM9DYM;
				INFOPLIST_FILE = "Deevesoft Reistration FormUITests/Info.plist";
				LD_RUNPATH_SEARCH_PATHS = "$(inherited) @executable_path/Frameworks @loader_path/Frameworks";
				PRODUCT_BUNDLE_IDENTIFIER = "ohm.Deevesoft-Reistration-FormUITests";
				PRODUCT_NAME = "$(TARGET_NAME)";
				SWIFT_VERSION = 3.0;
				TEST_TARGET_NAME = "Deevesoft Reistration Form";
			};
			name = Debug;
		};
		04D2A2A5203B1E830024C247 /* Release */ = {
			isa = XCBuildConfiguration;
			baseConfigurationReference = 0C9F3656339C27520BE37147 /* Pods-Deevesoft Reistration FormUITests.release.xcconfig */;
			buildSettings = {
				ALWAYS_EMBED_SWIFT_STANDARD_LIBRARIES = YES;
				DEVELOPMENT_TEAM = 9QEYTM9DYM;
				INFOPLIST_FILE = "Deevesoft Reistration FormUITests/Info.plist";
				LD_RUNPATH_SEARCH_PATHS = "$(inherited) @executable_path/Frameworks @loader_path/Frameworks";
				PRODUCT_BUNDLE_IDENTIFIER = "ohm.Deevesoft-Reistration-FormUITests";
				PRODUCT_NAME = "$(TARGET_NAME)";
				SWIFT_VERSION = 3.0;
				TEST_TARGET_NAME = "Deevesoft Reistration Form";
			};
			name = Release;
		};
/* End XCBuildConfiguration section */

/* Begin XCConfigurationList section */
		04D2A270203B1E830024C247 /* Build configuration list for PBXProject "Deevesoft Reistration Form" */ = {
			isa = XCConfigurationList;
			buildConfigurations = (
				04D2A29B203B1E830024C247 /* Debug */,
				04D2A29C203B1E830024C247 /* Release */,
			);
			defaultConfigurationIsVisible = 0;
			defaultConfigurationName = Release;
		};
		04D2A29D203B1E830024C247 /* Build configuration list for PBXNativeTarget "Deevesoft Reistration Form" */ = {
			isa = XCConfigurationList;
			buildConfigurations = (
				04D2A29E203B1E830024C247 /* Debug */,
				04D2A29F203B1E830024C247 /* Release */,
			);
			defaultConfigurationIsVisible = 0;
			defaultConfigurationName = Release;
		};
		04D2A2A0203B1E830024C247 /* Build configuration list for PBXNativeTarget "Deevesoft Reistration FormTests" */ = {
			isa = XCConfigurationList;
			buildConfigurations = (
				04D2A2A1203B1E830024C247 /* Debug */,
				04D2A2A2203B1E830024C247 /* Release */,
			);
			defaultConfigurationIsVisible = 0;
			defaultConfigurationName = Release;
		};
		04D2A2A3203B1E830024C247 /* Build configuration list for PBXNativeTarget "Deevesoft Reistration FormUITests" */ = {
			isa = XCConfigurationList;
			buildConfigurations = (
				04D2A2A4203B1E830024C247 /* Debug */,
				04D2A2A5203B1E830024C247 /* Release */,
			);
			defaultConfigurationIsVisible = 0;
			defaultConfigurationName = Release;
		};
/* End XCConfigurationList section */
	};
	rootObject = 04D2A26D203B1E830024C247 /* Project object */;
}
